
Microsoft Visual Studio Solution File, Format Version 12.00
# Visual Studio 14
VisualStudioVersion = 14.0.24720.0
MinimumVisualStudioVersion = 10.0.40219.1
Project("{FAE04EC0-301F-11D3-BF4B-00C04F79EFBC}") = "threeonesevenbee.Model.Bridge", "threeonesevenbee.Model\threeonesevenbee.Model.Bridge.csproj", "{56A1842B-7ED3-406D-A3AB-A1D30116CC2F}"
EndProject
Project("{FAE04EC0-301F-11D3-BF4B-00C04F79EFBC}") = "threeonesevenbee.Frontend", "threeonesevenbee.Frontend\threeonesevenbee.Frontend.csproj", "{5DAC9884-4D4D-4AAD-B0D3-097F7B9270E1}"
EndProject
Project("{FAE04EC0-301F-11D3-BF4B-00C04F79EFBC}") = "threeonesevenbee.Frontend.Website", "threeonesevenbee.Frontend.Website\threeonesevenbee.Frontend.Website.csproj", "{30E1A03A-FDBB-4A27-B907-5398700C993C}"
EndProject
Global
	GlobalSection(SolutionConfigurationPlatforms) = preSolution
		Debug|Any CPU = Debug|Any CPU
		Release|Any CPU = Release|Any CPU
	EndGlobalSection
	GlobalSection(ProjectConfigurationPlatforms) = postSolution
		{56A1842B-7ED3-406D-A3AB-A1D30116CC2F}.Debug|Any CPU.ActiveCfg = Bridge-Debug|Any CPU
		{56A1842B-7ED3-406D-A3AB-A1D30116CC2F}.Debug|Any CPU.Build.0 = Bridge-Debug|Any CPU
		{56A1842B-7ED3-406D-A3AB-A1D30116CC2F}.Release|Any CPU.ActiveCfg = Bridge-Release|Any CPU
		{56A1842B-7ED3-406D-A3AB-A1D30116CC2F}.Release|Any CPU.Build.0 = Bridge-Release|Any CPU
		{5DAC9884-4D4D-4AAD-B0D3-097F7B9270E1}.Debug|Any CPU.ActiveCfg = Bridge-Debug|Any CPU
		{5DAC9884-4D4D-4AAD-B0D3-097F7B9270E1}.Debug|Any CPU.Build.0 = Bridge-Debug|Any CPU
		{5DAC9884-4D4D-4AAD-B0D3-097F7B9270E1}.Release|Any CPU.ActiveCfg = Bridge-Release|Any CPU
		{5DAC9884-4D4D-4AAD-B0D3-097F7B9270E1}.Release|Any CPU.Build.0 = Bridge-Release|Any CPU
		{30E1A03A-FDBB-4A27-B907-5398700C993C}.Debug|Any CPU.ActiveCfg = Debug|Any CPU
		{30E1A03A-FDBB-4A27-B907-5398700C993C}.Debug|Any CPU.Build.0 = Debug|Any CPU
		{30E1A03A-FDBB-4A27-B907-5398700C993C}.Release|Any CPU.ActiveCfg = Release|Any CPU
		{30E1A03A-FDBB-4A27-B907-5398700C993C}.Release|Any CPU.Build.0 = Release|Any CPU
	EndGlobalSection
	GlobalSection(SolutionProperties) = preSolution
		HideSolutionNode = FALSE
	EndGlobalSection
EndGlobal
